// !$*UTF8*$!
{
	archiveVersion = 1;
	classes = {
	};
	objectVersion = 77;
	objects = {

/* Begin PBXContainerItemProxy section */
		7FB29C432CB8B7CA003B312E /* PBXContainerItemProxy */ = {
			isa = PBXContainerItemProxy;
			containerPortal = 7FB29C292CB8B7C8003B312E /* Project object */;
			proxyType = 1;
			remoteGlobalIDString = 7FB29C302CB8B7C8003B312E;
			remoteInfo = ClipPocket;
		};
		7FB29C4D2CB8B7CA003B312E /* PBXContainerItemProxy */ = {
			isa = PBXContainerItemProxy;
			containerPortal = 7FB29C292CB8B7C8003B312E /* Project object */;
			proxyType = 1;
			remoteGlobalIDString = 7FB29C302CB8B7C8003B312E;
			remoteInfo = ClipPocket;
		};
/* End PBXContainerItemProxy section */

/* Begin PBXFileReference section */
		7FB29C312CB8B7C8003B312E /* ClipPocket.app */ = {isa = PBXFileReference; explicitFileType = wrapper.application; includeInIndex = 0; path = ClipPocket.app; sourceTree = BUILT_PRODUCTS_DIR; };
		7FB29C422CB8B7CA003B312E /* ClipPocketTests.xctest */ = {isa = PBXFileReference; explicitFileType = wrapper.cfbundle; includeInIndex = 0; path = ClipPocketTests.xctest; sourceTree = BUILT_PRODUCTS_DIR; };
		7FB29C4C2CB8B7CA003B312E /* ClipPocketUITests.xctest */ = {isa = PBXFileReference; explicitFileType = wrapper.cfbundle; includeInIndex = 0; path = ClipPocketUITests.xctest; sourceTree = BUILT_PRODUCTS_DIR; };
/* End PBXFileReference section */

/* Begin PBXFileSystemSynchronizedRootGroup section */
		7FB29C332CB8B7C8003B312E /* ClipPocket */ = {
			isa = PBXFileSystemSynchronizedRootGroup;
			path = ClipPocket;
			sourceTree = "<group>";
		};
		7FB29C452CB8B7CA003B312E /* ClipPocketTests */ = {
			isa = PBXFileSystemSynchronizedRootGroup;
			path = ClipPocketTests;
			sourceTree = "<group>";
		};
		7FB29C4F2CB8B7CA003B312E /* ClipPocketUITests */ = {
			isa = PBXFileSystemSynchronizedRootGroup;
			path = ClipPocketUITests;
			sourceTree = "<group>";
		};
/* End PBXFileSystemSynchronizedRootGroup section */

/* Begin PBXFrameworksBuildPhase section */
		7FB29C2E2CB8B7C8003B312E /* Frameworks */ = {
			isa = PBXFrameworksBuildPhase;
			buildActionMask = 2147483647;
			files = (
			);
			runOnlyForDeploymentPostprocessing = 0;
		};
		7FB29C3F2CB8B7CA003B312E /* Frameworks */ = {
			isa = PBXFrameworksBuildPhase;
			buildActionMask = 2147483647;
			files = (
			);
			runOnlyForDeploymentPostprocessing = 0;
		};
		7FB29C492CB8B7CA003B312E /* Frameworks */ = {
			isa = PBXFrameworksBuildPhase;
			buildActionMask = 2147483647;
			files = (
			);
			runOnlyForDeploymentPostprocessing = 0;
		};
/* End PBXFrameworksBuildPhase section */

/* Begin PBXGroup section */
		7FB29C282CB8B7C8003B312E = {
			isa = PBXGroup;
			children = (
				7FB29C332CB8B7C8003B312E /* ClipPocket */,
				7FB29C452CB8B7CA003B312E /* ClipPocketTests */,
				7FB29C4F2CB8B7CA003B312E /* ClipPocketUITests */,
				7FB29C322CB8B7C8003B312E /* Products */,
			);
			sourceTree = "<group>";
		};
		7FB29C322CB8B7C8003B312E /* Products */ = {
			isa = PBXGroup;
			children = (
				7FB29C312CB8B7C8003B312E /* ClipPocket.app */,
				7FB29C422CB8B7CA003B312E /* ClipPocketTests.xctest */,
				7FB29C4C2CB8B7CA003B312E /* ClipPocketUITests.xctest */,
			);
			name = Products;
			sourceTree = "<group>";
		};
/* End PBXGroup section */

/* Begin PBXNativeTarget section */
		7FB29C302CB8B7C8003B312E /* ClipPocket */ = {
			isa = PBXNativeTarget;
			buildConfigurationList = 7FB29C562CB8B7CA003B312E /* Build configuration list for PBXNativeTarget "ClipPocket" */;
			buildPhases = (
				7FB29C2D2CB8B7C8003B312E /* Sources */,
				7FB29C2E2CB8B7C8003B312E /* Frameworks */,
				7FB29C2F2CB8B7C8003B312E /* Resources */,
			);
			buildRules = (
			);
			dependencies = (
			);
			fileSystemSynchronizedGroups = (
				7FB29C332CB8B7C8003B312E /* ClipPocket */,
			);
			name = ClipPocket;
			packageProductDependencies = (
			);
			productName = ClipPocket;
			productReference = 7FB29C312CB8B7C8003B312E /* ClipPocket.app */;
			productType = "com.apple.product-type.application";
		};
		7FB29C412CB8B7CA003B312E /* ClipPocketTests */ = {
			isa = PBXNativeTarget;
			buildConfigurationList = 7FB29C592CB8B7CA003B312E /* Build configuration list for PBXNativeTarget "ClipPocketTests" */;
			buildPhases = (
				7FB29C3E2CB8B7CA003B312E /* Sources */,
				7FB29C3F2CB8B7CA003B312E /* Frameworks */,
				7FB29C402CB8B7CA003B312E /* Resources */,
			);
			buildRules = (
			);
			dependencies = (
				7FB29C442CB8B7CA003B312E /* PBXTargetDependency */,
			);
			fileSystemSynchronizedGroups = (
				7FB29C452CB8B7CA003B312E /* ClipPocketTests */,
			);
			name = ClipPocketTests;
			packageProductDependencies = (
			);
			productName = ClipPocketTests;
			productReference = 7FB29C422CB8B7CA003B312E /* ClipPocketTests.xctest */;
			productType = "com.apple.product-type.bundle.unit-test";
		};
		7FB29C4B2CB8B7CA003B312E /* ClipPocketUITests */ = {
			isa = PBXNativeTarget;
			buildConfigurationList = 7FB29C5C2CB8B7CA003B312E /* Build configuration list for PBXNativeTarget "ClipPocketUITests" */;
			buildPhases = (
				7FB29C482CB8B7CA003B312E /* Sources */,
				7FB29C492CB8B7CA003B312E /* Frameworks */,
				7FB29C4A2CB8B7CA003B312E /* Resources */,
			);
			buildRules = (
			);
			dependencies = (
				7FB29C4E2CB8B7CA003B312E /* PBXTargetDependency */,
			);
			fileSystemSynchronizedGroups = (
				7FB29C4F2CB8B7CA003B312E /* ClipPocketUITests */,
			);
			name = ClipPocketUITests;
			packageProductDependencies = (
			);
			productName = ClipPocketUITests;
			productReference = 7FB29C4C2CB8B7CA003B312E /* ClipPocketUITests.xctest */;
			productType = "com.apple.product-type.bundle.ui-testing";
		};
/* End PBXNativeTarget section */

/* Begin PBXProject section */
		7FB29C292CB8B7C8003B312E /* Project object */ = {
			isa = PBXProject;
			attributes = {
				BuildIndependentTargetsInParallel = 1;
				LastSwiftUpdateCheck = 1600;
				LastUpgradeCheck = 1600;
				TargetAttributes = {
					7FB29C302CB8B7C8003B312E = {
						CreatedOnToolsVersion = 16.0;
					};
					7FB29C412CB8B7CA003B312E = {
						CreatedOnToolsVersion = 16.0;
						TestTargetID = 7FB29C302CB8B7C8003B312E;
					};
					7FB29C4B2CB8B7CA003B312E = {
						CreatedOnToolsVersion = 16.0;
						TestTargetID = 7FB29C302CB8B7C8003B312E;
					};
				};
			};
			buildConfigurationList = 7FB29C2C2CB8B7C8003B312E /* Build configuration list for PBXProject "ClipPocket" */;
			developmentRegion = en;
			hasScannedForEncodings = 0;
			knownRegions = (
				en,
				Base,
			);
			mainGroup = 7FB29C282CB8B7C8003B312E;
			minimizedProjectReferenceProxies = 1;
			preferredProjectObjectVersion = 77;
			productRefGroup = 7FB29C322CB8B7C8003B312E /* Products */;
			projectDirPath = "";
			projectRoot = "";
			targets = (
				7FB29C302CB8B7C8003B312E /* ClipPocket */,
				7FB29C412CB8B7CA003B312E /* ClipPocketTests */,
				7FB29C4B2CB8B7CA003B312E /* ClipPocketUITests */,
			);
		};
/* End PBXProject section */

/* Begin PBXResourcesBuildPhase section */
		7FB29C2F2CB8B7C8003B312E /* Resources */ = {
			isa = PBXResourcesBuildPhase;
			buildActionMask = 2147483647;
			files = (
			);
			runOnlyForDeploymentPostprocessing = 0;
		};
		7FB29C402CB8B7CA003B312E /* Resources */ = {
			isa = PBXResourcesBuildPhase;
			buildActionMask = 2147483647;
			files = (
			);
			runOnlyForDeploymentPostprocessing = 0;
		};
		7FB29C4A2CB8B7CA003B312E /* Resources */ = {
			isa = PBXResourcesBuildPhase;
			buildActionMask = 2147483647;
			files = (
			);
			runOnlyForDeploymentPostprocessing = 0;
		};
/* End PBXResourcesBuildPhase section */

/* Begin PBXSourcesBuildPhase section */
		7FB29C2D2CB8B7C8003B312E /* Sources */ = {
			isa = PBXSourcesBuildPhase;
			buildActionMask = 2147483647;
			files = (
			);
			runOnlyForDeploymentPostprocessing = 0;
		};
		7FB29C3E2CB8B7CA003B312E /* Sources */ = {
			isa = PBXSourcesBuildPhase;
			buildActionMask = 2147483647;
			files = (
			);
			runOnlyForDeploymentPostprocessing = 0;
		};
		7FB29C482CB8B7CA003B312E /* Sources */ = {
			isa = PBXSourcesBuildPhase;
			buildActionMask = 2147483647;
			files = (
			);
			runOnlyForDeploymentPostprocessing = 0;
		};
/* End PBXSourcesBuildPhase section */

/* Begin PBXTargetDependency section */
		7FB29C442CB8B7CA003B312E /* PBXTargetDependency */ = {
			isa = PBXTargetDependency;
			target = 7FB29C302CB8B7C8003B312E /* ClipPocket */;
			targetProxy = 7FB29C432CB8B7CA003B312E /* PBXContainerItemProxy */;
		};
		7FB29C4E2CB8B7CA003B312E /* PBXTargetDependency */ = {
			isa = PBXTargetDependency;
			target = 7FB29C302CB8B7C8003B312E /* ClipPocket */;
			targetProxy = 7FB29C4D2CB8B7CA003B312E /* PBXContainerItemProxy */;
		};
/* End PBXTargetDependency section */

/* Begin XCBuildConfiguration section */
		7FB29C542CB8B7CA003B312E /* Debug */ = {
			isa = XCBuildConfiguration;
			buildSettings = {
				ALWAYS_SEARCH_USER_PATHS = NO;
				ASSETCATALOG_COMPILER_GENERATE_SWIFT_ASSET_SYMBOL_EXTENSIONS = YES;
				CLANG_ANALYZER_NONNULL = YES;
				CLANG_ANALYZER_NUMBER_OBJECT_CONVERSION = YES_AGGRESSIVE;
				CLANG_CXX_LANGUAGE_STANDARD = "gnu++20";
				CLANG_ENABLE_MODULES = YES;
				CLANG_ENABLE_OBJC_ARC = YES;
				CLANG_ENABLE_OBJC_WEAK = YES;
				CLANG_WARN_BLOCK_CAPTURE_AUTORELEASING = YES;
				CLANG_WARN_BOOL_CONVERSION = YES;
				CLANG_WARN_COMMA = YES;
				CLANG_WARN_CONSTANT_CONVERSION = YES;
				CLANG_WARN_DEPRECATED_OBJC_IMPLEMENTATIONS = YES;
				CLANG_WARN_DIRECT_OBJC_ISA_USAGE = YES_ERROR;
				CLANG_WARN_DOCUMENTATION_COMMENTS = YES;
				CLANG_WARN_EMPTY_BODY = YES;
				CLANG_WARN_ENUM_CONVERSION = YES;
				CLANG_WARN_INFINITE_RECURSION = YES;
				CLANG_WARN_INT_CONVERSION = YES;
				CLANG_WARN_NON_LITERAL_NULL_CONVERSION = YES;
				CLANG_WARN_OBJC_IMPLICIT_RETAIN_SELF = YES;
				CLANG_WARN_OBJC_LITERAL_CONVERSION = YES;
				CLANG_WARN_OBJC_ROOT_CLASS = YES_ERROR;
				CLANG_WARN_QUOTED_INCLUDE_IN_FRAMEWORK_HEADER = YES;
				CLANG_WARN_RANGE_LOOP_ANALYSIS = YES;
				CLANG_WARN_STRICT_PROTOTYPES = YES;
				CLANG_WARN_SUSPICIOUS_MOVE = YES;
				CLANG_WARN_UNGUARDED_AVAILABILITY = YES_AGGRESSIVE;
				CLANG_WARN_UNREACHABLE_CODE = YES;
				CLANG_WARN__DUPLICATE_METHOD_MATCH = YES;
				CODE_SIGN_ENTITLEMENTS = ClipPocket/ClipPocket.entitlements;
				CODE_SIGN_IDENTITY = "-";
				COPY_PHASE_STRIP = NO;
				DEBUG_INFORMATION_FORMAT = dwarf;
				ENABLE_STRICT_OBJC_MSGSEND = YES;
				ENABLE_TESTABILITY = YES;
				ENABLE_USER_SCRIPT_SANDBOXING = YES;
				GCC_C_LANGUAGE_STANDARD = gnu17;
				GCC_DYNAMIC_NO_PIC = NO;
				GCC_NO_COMMON_BLOCKS = YES;
				GCC_OPTIMIZATION_LEVEL = 0;
				GCC_PREPROCESSOR_DEFINITIONS = (
					"DEBUG=1",
					"$(inherited)",
				);
				GCC_WARN_64_TO_32_BIT_CONVERSION = YES;
				GCC_WARN_ABOUT_RETURN_TYPE = YES_ERROR;
				GCC_WARN_UNDECLARED_SELECTOR = YES;
				GCC_WARN_UNINITIALIZED_AUTOS = YES_AGGRESSIVE;
				GCC_WARN_UNUSED_FUNCTION = YES;
				GCC_WARN_UNUSED_VARIABLE = YES;
				LOCALIZATION_PREFERS_STRING_CATALOGS = YES;
				MACOSX_DEPLOYMENT_TARGET = 15.0;
				MTL_ENABLE_DEBUG_INFO = INCLUDE_SOURCE;
				MTL_FAST_MATH = YES;
				ONLY_ACTIVE_ARCH = YES;
				SDKROOT = macosx;
				SWIFT_ACTIVE_COMPILATION_CONDITIONS = "DEBUG $(inherited)";
				SWIFT_OPTIMIZATION_LEVEL = "-Onone";
			};
			name = Debug;
		};
		7FB29C552CB8B7CA003B312E /* Release */ = {
			isa = XCBuildConfiguration;
			buildSettings = {
				ALWAYS_SEARCH_USER_PATHS = NO;
				ASSETCATALOG_COMPILER_GENERATE_SWIFT_ASSET_SYMBOL_EXTENSIONS = YES;
				CLANG_ANALYZER_NONNULL = YES;
				CLANG_ANALYZER_NUMBER_OBJECT_CONVERSION = YES_AGGRESSIVE;
				CLANG_CXX_LANGUAGE_STANDARD = "gnu++20";
				CLANG_ENABLE_MODULES = YES;
				CLANG_ENABLE_OBJC_ARC = YES;
				CLANG_ENABLE_OBJC_WEAK = YES;
				CLANG_WARN_BLOCK_CAPTURE_AUTORELEASING = YES;
				CLANG_WARN_BOOL_CONVERSION = YES;
				CLANG_WARN_COMMA = YES;
				CLANG_WARN_CONSTANT_CONVERSION = YES;
				CLANG_WARN_DEPRECATED_OBJC_IMPLEMENTATIONS = YES;
				CLANG_WARN_DIRECT_OBJC_ISA_USAGE = YES_ERROR;
				CLANG_WARN_DOCUMENTATION_COMMENTS = YES;
				CLANG_WARN_EMPTY_BODY = YES;
				CLANG_WARN_ENUM_CONVERSION = YES;
				CLANG_WARN_INFINITE_RECURSION = YES;
				CLANG_WARN_INT_CONVERSION = YES;
				CLANG_WARN_NON_LITERAL_NULL_CONVERSION = YES;
				CLANG_WARN_OBJC_IMPLICIT_RETAIN_SELF = YES;
				CLANG_WARN_OBJC_LITERAL_CONVERSION = YES;
				CLANG_WARN_OBJC_ROOT_CLASS = YES_ERROR;
				CLANG_WARN_QUOTED_INCLUDE_IN_FRAMEWORK_HEADER = YES;
				CLANG_WARN_RANGE_LOOP_ANALYSIS = YES;
				CLANG_WARN_STRICT_PROTOTYPES = YES;
				CLANG_WARN_SUSPICIOUS_MOVE = YES;
				CLANG_WARN_UNGUARDED_AVAILABILITY = YES_AGGRESSIVE;
				CLANG_WARN_UNREACHABLE_CODE = YES;
				CLANG_WARN__DUPLICATE_METHOD_MATCH = YES;
				CODE_SIGN_ENTITLEMENTS = ClipPocket/ClipPocket.entitlements;
				CODE_SIGN_IDENTITY = "-";
				COPY_PHASE_STRIP = NO;
				DEBUG_INFORMATION_FORMAT = "dwarf-with-dsym";
				ENABLE_NS_ASSERTIONS = NO;
				ENABLE_STRICT_OBJC_MSGSEND = YES;
				ENABLE_USER_SCRIPT_SANDBOXING = YES;
				GCC_C_LANGUAGE_STANDARD = gnu17;
				GCC_NO_COMMON_BLOCKS = YES;
				GCC_WARN_64_TO_32_BIT_CONVERSION = YES;
				GCC_WARN_ABOUT_RETURN_TYPE = YES_ERROR;
				GCC_WARN_UNDECLARED_SELECTOR = YES;
				GCC_WARN_UNINITIALIZED_AUTOS = YES_AGGRESSIVE;
				GCC_WARN_UNUSED_FUNCTION = YES;
				GCC_WARN_UNUSED_VARIABLE = YES;
				LOCALIZATION_PREFERS_STRING_CATALOGS = YES;
				MACOSX_DEPLOYMENT_TARGET = 15.0;
				MTL_ENABLE_DEBUG_INFO = NO;
				MTL_FAST_MATH = YES;
				SDKROOT = macosx;
				SWIFT_COMPILATION_MODE = wholemodule;
			};
			name = Release;
		};
		7FB29C572CB8B7CA003B312E /* Debug */ = {
			isa = XCBuildConfiguration;
			buildSettings = {
				ASSETCATALOG_COMPILER_APPICON_NAME = AppIcon;
				ASSETCATALOG_COMPILER_GLOBAL_ACCENT_COLOR_NAME = AccentColor;
				CODE_SIGN_ENTITLEMENTS = ClipPocket/ClipPocket.entitlements;
				CODE_SIGN_IDENTITY = "-";
				CODE_SIGN_INJECT_BASE_ENTITLEMENTS = NO;
				CODE_SIGN_STYLE = Automatic;
				COMBINE_HIDPI_IMAGES = YES;
				CURRENT_PROJECT_VERSION = 2;
				DEVELOPMENT_ASSET_PATHS = "\"ClipPocket/Preview Content\"";
				DEVELOPMENT_TEAM = A9W2VHP783;
				ENABLE_HARDENED_RUNTIME = YES;
				ENABLE_PREVIEWS = YES;
				GENERATE_INFOPLIST_FILE = YES;
				INFOPLIST_KEY_LSUIElement = YES;
				INFOPLIST_KEY_NSHumanReadableCopyright = "";
				LD_RUNPATH_SEARCH_PATHS = (
					"$(inherited)",
					"@executable_path/../Frameworks",
				);
				MACOSX_DEPLOYMENT_TARGET = 13.5;
				MARKETING_VERSION = 2.0;
				PRODUCT_BUNDLE_IDENTIFIER = dhahdz.manager.ClipPocket;
				PRODUCT_NAME = "$(TARGET_NAME)";
				SWIFT_EMIT_LOC_STRINGS = YES;
				SWIFT_VERSION = 5.0;
			};
			name = Debug;
		};
		7FB29C582CB8B7CA003B312E /* Release */ = {
			isa = XCBuildConfiguration;
			buildSettings = {
				ASSETCATALOG_COMPILER_APPICON_NAME = AppIcon;
				ASSETCATALOG_COMPILER_GLOBAL_ACCENT_COLOR_NAME = AccentColor;
				CODE_SIGN_ENTITLEMENTS = ClipPocket/ClipPocket.entitlements;
				CODE_SIGN_IDENTITY = "-";
				"CODE_SIGN_IDENTITY[sdk=macosx*]" = "-";
				CODE_SIGN_INJECT_BASE_ENTITLEMENTS = NO;
				CODE_SIGN_STYLE = Automatic;
				COMBINE_HIDPI_IMAGES = YES;
				CURRENT_PROJECT_VERSION = 2;
				DEVELOPMENT_ASSET_PATHS = "\"ClipPocket/Preview Content\"";
				DEVELOPMENT_TEAM = A9W2VHP783;
				ENABLE_HARDENED_RUNTIME = YES;
				ENABLE_PREVIEWS = YES;
				GENERATE_INFOPLIST_FILE = YES;
				INFOPLIST_KEY_LSUIElement = YES;
				INFOPLIST_KEY_NSHumanReadableCopyright = "";
				LD_RUNPATH_SEARCH_PATHS = (
					"$(inherited)",
					"@executable_path/../Frameworks",
				);
				MACOSX_DEPLOYMENT_TARGET = 13.5;
				MARKETING_VERSION = 2.0;
				PRODUCT_BUNDLE_IDENTIFIER = dhahdz.manager.ClipPocket;
				PRODUCT_NAME = "$(TARGET_NAME)";
				SWIFT_EMIT_LOC_STRINGS = YES;
				SWIFT_VERSION = 5.0;
			};
			name = Release;
		};
		7FB29C5A2CB8B7CA003B312E /* Debug */ = {
			isa = XCBuildConfiguration;
			buildSettings = {
				BUNDLE_LOADER = "$(TEST_HOST)";
				CODE_SIGN_STYLE = Automatic;
				CURRENT_PROJECT_VERSION = 1;
				DEVELOPMENT_TEAM = A9W2VHP783;
				GENERATE_INFOPLIST_FILE = YES;
				MACOSX_DEPLOYMENT_TARGET = 15.0;
				MARKETING_VERSION = 1.0;
				PRODUCT_BUNDLE_IDENTIFIER = dhahdz.manager.ClipPocketTests;
				PRODUCT_NAME = "$(TARGET_NAME)";
				SWIFT_EMIT_LOC_STRINGS = NO;
				SWIFT_VERSION = 5.0;
				TEST_HOST = "$(BUILT_PRODUCTS_DIR)/ClipPocket.app/$(BUNDLE_EXECUTABLE_FOLDER_PATH)/ClipPocket";
			};
			name = Debug;
		};
		7FB29C5B2CB8B7CA003B312E /* Release */ = {
			isa = XCBuildConfiguration;
			buildSettings = {
				BUNDLE_LOADER = "$(TEST_HOST)";
				CODE_SIGN_STYLE = Automatic;
				CURRENT_PROJECT_VERSION = 1;
				DEVELOPMENT_TEAM = A9W2VHP783;
				GENERATE_INFOPLIST_FILE = YES;
				MACOSX_DEPLOYMENT_TARGET = 15.0;
				MARKETING_VERSION = 1.0;
				PRODUCT_BUNDLE_IDENTIFIER = dhahdz.manager.ClipPocketTests;
				PRODUCT_NAME = "$(TARGET_NAME)";
				SWIFT_EMIT_LOC_STRINGS = NO;
				SWIFT_VERSION = 5.0;
				TEST_HOST = "$(BUILT_PRODUCTS_DIR)/ClipPocket.app/$(BUNDLE_EXECUTABLE_FOLDER_PATH)/ClipPocket";
			};
			name = Release;
		};
		7FB29C5D2CB8B7CA003B312E /* Debug */ = {
			isa = XCBuildConfiguration;
			buildSettings = {
				CODE_SIGN_STYLE = Automatic;
				CURRENT_PROJECT_VERSION = 1;
				DEVELOPMENT_TEAM = A9W2VHP783;
				GENERATE_INFOPLIST_FILE = YES;
				MARKETING_VERSION = 1.0;
				PRODUCT_BUNDLE_IDENTIFIER = dhahdz.manager.ClipPocketUITests;
				PRODUCT_NAME = "$(TARGET_NAME)";
				SWIFT_EMIT_LOC_STRINGS = NO;
				SWIFT_VERSION = 5.0;
				TEST_TARGET_NAME = ClipPocket;
			};
			name = Debug;
		};
		7FB29C5E2CB8B7CA003B312E /* Release */ = {
			isa = XCBuildConfiguration;
			buildSettings = {
				CODE_SIGN_STYLE = Automatic;
				CURRENT_PROJECT_VERSION = 1;
				DEVELOPMENT_TEAM = A9W2VHP783;
				GENERATE_INFOPLIST_FILE = YES;
				MARKETING_VERSION = 1.0;
				PRODUCT_BUNDLE_IDENTIFIER = dhahdz.manager.ClipPocketUITests;
				PRODUCT_NAME = "$(TARGET_NAME)";
				SWIFT_EMIT_LOC_STRINGS = NO;
				SWIFT_VERSION = 5.0;
				TEST_TARGET_NAME = ClipPocket;
			};
			name = Release;
		};
/* End XCBuildConfiguration section */

/* Begin XCConfigurationList section */
		7FB29C2C2CB8B7C8003B312E /* Build configuration list for PBXProject "ClipPocket" */ = {
			isa = XCConfigurationList;
			buildConfigurations = (
				7FB29C542CB8B7CA003B312E /* Debug */,
				7FB29C552CB8B7CA003B312E /* Release */,
			);
			defaultConfigurationIsVisible = 0;
			defaultConfigurationName = Release;
		};
		7FB29C562CB8B7CA003B312E /* Build configuration list for PBXNativeTarget "ClipPocket" */ = {
			isa = XCConfigurationList;
			buildConfigurations = (
				7FB29C572CB8B7CA003B312E /* Debug */,
				7FB29C582CB8B7CA003B312E /* Release */,
			);
			defaultConfigurationIsVisible = 0;
			defaultConfigurationName = Release;
		};
		7FB29C592CB8B7CA003B312E /* Build configuration list for PBXNativeTarget "ClipPocketTests" */ = {
			isa = XCConfigurationList;
			buildConfigurations = (
				7FB29C5A2CB8B7CA003B312E /* Debug */,
				7FB29C5B2CB8B7CA003B312E /* Release */,
			);
			defaultConfigurationIsVisible = 0;
			defaultConfigurationName = Release;
		};
		7FB29C5C2CB8B7CA003B312E /* Build configuration list for PBXNativeTarget "ClipPocketUITests" */ = {
			isa = XCConfigurationList;
			buildConfigurations = (
				7FB29C5D2CB8B7CA003B312E /* Debug */,
				7FB29C5E2CB8B7CA003B312E /* Release */,
			);
			defaultConfigurationIsVisible = 0;
			defaultConfigurationName = Release;
		};
/* End XCConfigurationList section */
	};
	rootObject = 7FB29C292CB8B7C8003B312E /* Project object */;
}
